
Microsoft Visual Studio Solution File, Format Version 12.00
# Visual Studio Version 16
VisualStudioVersion = 16.0.31025.194
MinimumVisualStudioVersion = 10.0.40219.1
Project("{9A19103F-16F7-4668-BE54-9A1E7A4F7556}") = "DockerDemo", "DockerDemo\DockerDemo.csproj", "{68C3ECF9-F1A8-4F8A-89E3-B08B2067FF44}"
EndProject
Project("{9A19103F-16F7-4668-BE54-9A1E7A4F7556}") = "Demo-Service", "Demo-Service\Demo-Service.csproj", "{49E6C88C-0BA1-4C84-88F0-9B68E1F501E1}"
EndProject
Project("{9A19103F-16F7-4668-BE54-9A1E7A4F7556}") = "Demo-Gateway", "Demo-Gateway\Demo-Gateway.csproj", "{BC9D566F-7172-4C50-B922-6EC16EF9751D}"
EndProject
Project("{9A19103F-16F7-4668-BE54-9A1E7A4F7556}") = "LeetCode", "LeetCode\LeetCode.csproj", "{66E46199-4383-425C-9646-112F08358D3F}"
EndProject
Project("{9A19103F-16F7-4668-BE54-9A1E7A4F7556}") = "Muti-Threed", "Muti-Threed\Muti-Threed.csproj", "{AA4EC5B6-CAF8-436F-B7CE-B67527FFD9A4}"
EndProject
Project("{9A19103F-16F7-4668-BE54-9A1E7A4F7556}") = "WpfThread", "WpfThread\WpfThread.csproj", "{7ED035B6-240A-444E-B0C7-FFF47F0CD7B8}"
EndProject
Project("{9A19103F-16F7-4668-BE54-9A1E7A4F7556}") = "AwaitAsync", "AwaitAsync\AwaitAsync.csproj", "{A25FE780-DAEF-4220-9450-366EF244A14C}"
EndProject
Project("{9A19103F-16F7-4668-BE54-9A1E7A4F7556}") = "DelegateDemo", "DelegateDemo\DelegateDemo.csproj", "{368B803F-D341-43EA-9C69-1FE7ACEE101A}"
EndProject
Project("{9A19103F-16F7-4668-BE54-9A1E7A4F7556}") = "Demo-SendEmailService", "Demo-SendEmailService\Demo-SendEmailService.csproj", "{6AE4A9C7-F0EC-41CD-B710-5A75054A177F}"
EndProject
Project("{9A19103F-16F7-4668-BE54-9A1E7A4F7556}") = "Demo-AuthServer", "Demo-AuthServer\Demo-AuthServer.csproj", "{E1AC6084-2DF4-42B9-A4A9-5A79B99C262B}"
EndProject
Project("{9A19103F-16F7-4668-BE54-9A1E7A4F7556}") = "RedisDemo", "RedisDemo\RedisDemo.csproj", "{AE66C614-7826-4905-9EE6-675639FBAD13}"
EndProject
Project("{9A19103F-16F7-4668-BE54-9A1E7A4F7556}") = "RedisApi", "RedisApi\RedisApi.csproj", "{0DAAE38E-DC86-4DC2-BE82-BEB891EDC8E2}"
EndProject
Project("{9A19103F-16F7-4668-BE54-9A1E7A4F7556}") = "RabbitMQ-Common", "RabbitMQ-Common\RabbitMQ-Common.csproj", "{0D07647B-0777-4E1A-90DC-653223F72809}"
EndProject
Project("{FAE04EC0-301F-11D3-BF4B-00C04F79EFBC}") = "RabbitMQ-Provider", "RabbitMQ-Provider\RabbitMQ-Provider.csproj", "{3E55EAED-3C74-4565-8639-2A251C0DB77A}"
EndProject
Global
	GlobalSection(SolutionConfigurationPlatforms) = preSolution
		Debug|Any CPU = Debug|Any CPU
		Release|Any CPU = Release|Any CPU
	EndGlobalSection
	GlobalSection(ProjectConfigurationPlatforms) = postSolution
		{68C3ECF9-F1A8-4F8A-89E3-B08B2067FF44}.Debug|Any CPU.ActiveCfg = Debug|Any CPU
		{68C3ECF9-F1A8-4F8A-89E3-B08B2067FF44}.Debug|Any CPU.Build.0 = Debug|Any CPU
		{68C3ECF9-F1A8-4F8A-89E3-B08B2067FF44}.Release|Any CPU.ActiveCfg = Release|Any CPU
		{68C3ECF9-F1A8-4F8A-89E3-B08B2067FF44}.Release|Any CPU.Build.0 = Release|Any CPU
		{49E6C88C-0BA1-4C84-88F0-9B68E1F501E1}.Debug|Any CPU.ActiveCfg = Debug|Any CPU
		{49E6C88C-0BA1-4C84-88F0-9B68E1F501E1}.Debug|Any CPU.Build.0 = Debug|Any CPU
		{49E6C88C-0BA1-4C84-88F0-9B68E1F501E1}.Release|Any CPU.ActiveCfg = Release|Any CPU
		{49E6C88C-0BA1-4C84-88F0-9B68E1F501E1}.Release|Any CPU.Build.0 = Release|Any CPU
		{BC9D566F-7172-4C50-B922-6EC16EF9751D}.Debug|Any CPU.ActiveCfg = Debug|Any CPU
		{BC9D566F-7172-4C50-B922-6EC16EF9751D}.Debug|Any CPU.Build.0 = Debug|Any CPU
		{BC9D566F-7172-4C50-B922-6EC16EF9751D}.Release|Any CPU.ActiveCfg = Release|Any CPU
		{BC9D566F-7172-4C50-B922-6EC16EF9751D}.Release|Any CPU.Build.0 = Release|Any CPU
		{66E46199-4383-425C-9646-112F08358D3F}.Debug|Any CPU.ActiveCfg = Debug|Any CPU
		{66E46199-4383-425C-9646-112F08358D3F}.Debug|Any CPU.Build.0 = Debug|Any CPU
		{66E46199-4383-425C-9646-112F08358D3F}.Release|Any CPU.ActiveCfg = Release|Any CPU
		{66E46199-4383-425C-9646-112F08358D3F}.Release|Any CPU.Build.0 = Release|Any CPU
		{AA4EC5B6-CAF8-436F-B7CE-B67527FFD9A4}.Debug|Any CPU.ActiveCfg = Debug|Any CPU
		{AA4EC5B6-CAF8-436F-B7CE-B67527FFD9A4}.Debug|Any CPU.Build.0 = Debug|Any CPU
		{AA4EC5B6-CAF8-436F-B7CE-B67527FFD9A4}.Release|Any CPU.ActiveCfg = Release|Any CPU
		{AA4EC5B6-CAF8-436F-B7CE-B67527FFD9A4}.Release|Any CPU.Build.0 = Release|Any CPU
		{7ED035B6-240A-444E-B0C7-FFF47F0CD7B8}.Debug|Any CPU.ActiveCfg = Debug|Any CPU
		{7ED035B6-240A-444E-B0C7-FFF47F0CD7B8}.Debug|Any CPU.Build.0 = Debug|Any CPU
		{7ED035B6-240A-444E-B0C7-FFF47F0CD7B8}.Release|Any CPU.ActiveCfg = Release|Any CPU
		{7ED035B6-240A-444E-B0C7-FFF47F0CD7B8}.Release|Any CPU.Build.0 = Release|Any CPU
		{A25FE780-DAEF-4220-9450-366EF244A14C}.Debug|Any CPU.ActiveCfg = Debug|Any CPU
		{A25FE780-DAEF-4220-9450-366EF244A14C}.Debug|Any CPU.Build.0 = Debug|Any CPU
		{A25FE780-DAEF-4220-9450-366EF244A14C}.Release|Any CPU.ActiveCfg = Release|Any CPU
		{A25FE780-DAEF-4220-9450-366EF244A14C}.Release|Any CPU.Build.0 = Release|Any CPU
		{368B803F-D341-43EA-9C69-1FE7ACEE101A}.Debug|Any CPU.ActiveCfg = Debug|Any CPU
		{368B803F-D341-43EA-9C69-1FE7ACEE101A}.Debug|Any CPU.Build.0 = Debug|Any CPU
		{368B803F-D341-43EA-9C69-1FE7ACEE101A}.Release|Any CPU.ActiveCfg = Release|Any CPU
		{368B803F-D341-43EA-9C69-1FE7ACEE101A}.Release|Any CPU.Build.0 = Release|Any CPU
		{6AE4A9C7-F0EC-41CD-B710-5A75054A177F}.Debug|Any CPU.ActiveCfg = Debug|Any CPU
		{6AE4A9C7-F0EC-41CD-B710-5A75054A177F}.Debug|Any CPU.Build.0 = Debug|Any CPU
		{6AE4A9C7-F0EC-41CD-B710-5A75054A177F}.Release|Any CPU.ActiveCfg = Release|Any CPU
		{6AE4A9C7-F0EC-41CD-B710-5A75054A177F}.Release|Any CPU.Build.0 = Release|Any CPU
		{E1AC6084-2DF4-42B9-A4A9-5A79B99C262B}.Debug|Any CPU.ActiveCfg = Debug|Any CPU
		{E1AC6084-2DF4-42B9-A4A9-5A79B99C262B}.Debug|Any CPU.Build.0 = Debug|Any CPU
		{E1AC6084-2DF4-42B9-A4A9-5A79B99C262B}.Release|Any CPU.ActiveCfg = Release|Any CPU
		{E1AC6084-2DF4-42B9-A4A9-5A79B99C262B}.Release|Any CPU.Build.0 = Release|Any CPU
		{AE66C614-7826-4905-9EE6-675639FBAD13}.Debug|Any CPU.ActiveCfg = Debug|Any CPU
		{AE66C614-7826-4905-9EE6-675639FBAD13}.Debug|Any CPU.Build.0 = Debug|Any CPU
		{AE66C614-7826-4905-9EE6-675639FBAD13}.Release|Any CPU.ActiveCfg = Release|Any CPU
		{AE66C614-7826-4905-9EE6-675639FBAD13}.Release|Any CPU.Build.0 = Release|Any CPU
		{0DAAE38E-DC86-4DC2-BE82-BEB891EDC8E2}.Debug|Any CPU.ActiveCfg = Debug|Any CPU
		{0DAAE38E-DC86-4DC2-BE82-BEB891EDC8E2}.Debug|Any CPU.Build.0 = Debug|Any CPU
		{0DAAE38E-DC86-4DC2-BE82-BEB891EDC8E2}.Release|Any CPU.ActiveCfg = Release|Any CPU
		{0DAAE38E-DC86-4DC2-BE82-BEB891EDC8E2}.Release|Any CPU.Build.0 = Release|Any CPU
		{0D07647B-0777-4E1A-90DC-653223F72809}.Debug|Any CPU.ActiveCfg = Debug|Any CPU
		{0D07647B-0777-4E1A-90DC-653223F72809}.Debug|Any CPU.Build.0 = Debug|Any CPU
		{0D07647B-0777-4E1A-90DC-653223F72809}.Release|Any CPU.ActiveCfg = Release|Any CPU
		{0D07647B-0777-4E1A-90DC-653223F72809}.Release|Any CPU.Build.0 = Release|Any CPU
		{3E55EAED-3C74-4565-8639-2A251C0DB77A}.Debug|Any CPU.ActiveCfg = Debug|Any CPU
		{3E55EAED-3C74-4565-8639-2A251C0DB77A}.Debug|Any CPU.Build.0 = Debug|Any CPU
		{3E55EAED-3C74-4565-8639-2A251C0DB77A}.Release|Any CPU.ActiveCfg = Release|Any CPU
		{3E55EAED-3C74-4565-8639-2A251C0DB77A}.Release|Any CPU.Build.0 = Release|Any CPU
	EndGlobalSection
	GlobalSection(SolutionProperties) = preSolution
		HideSolutionNode = FALSE
	EndGlobalSection
	GlobalSection(ExtensibilityGlobals) = postSolution
		SolutionGuid = {E8E42576-443A-4BD9-8DE7-37466BE51E99}
	EndGlobalSection
EndGlobal
